Microsoft Visual Studio Solution File, Format Version 11.00
# Visual Studio 2008

Project("{B3F66EC1-535D-E770-2C38-E94408FA4A17}") = "Test3", "Assembly-CSharp-vs.csproj", "{B41F8A00-EB96-12E4-9B2C-D5A4DD892212}"
EndProject
Global
	GlobalSection(SolutionConfigurationPlatforms) = preSolution
		Debug|Any CPU = Debug|Any CPU
		Release|Any CPU = Release|Any CPU
	EndGlobalSection
	GlobalSection(ProjectConfigurationPlatforms) = postSolution
		{B41F8A00-EB96-12E4-9B2C-D5A4DD892212}.Debug|Any CPU.ActiveCfg = Debug|Any CPU
		{B41F8A00-EB96-12E4-9B2C-D5A4DD892212}.Debug|Any CPU.Build.0 = Debug|Any CPU
		{B41F8A00-EB96-12E4-9B2C-D5A4DD892212}.Release|Any CPU.ActiveCfg = Release|Any CPU
		{B41F8A00-EB96-12E4-9B2C-D5A4DD892212}.Release|Any CPU.Build.0 = Release|Any CPU
	EndGlobalSection
	GlobalSection(SolutionProperties) = preSolution
		HideSolutionNode = FALSE
	EndGlobalSection
																																																																																																																																																																																																																																																							GlobalSection(MonoDevelopProperties) = preSolution
=======
																																																																																																																																																																																																																																		GlobalSection(MonoDevelopProperties) = preSolution
>>>>>>> a8ea0ec54a6a41c2f2657f84be840ebeba3d7b01
		StartupItem = Assembly-CSharp.csproj
		Policies = $0
		$0.TextStylePolicy = $1
		$1.inheritsSet = null
		$1.scope = text/x-csharp
		$0.CSharpFormattingPolicy = $2
		$2.AnonymousMethodBraceStyle = NextLine
		$2.PropertyBraceStyle = NextLine
		$2.EventBraceStyle = NextLine
		$2.StatementBraceStyle = NextLine
		$2.ElseNewLinePlacement = NewLine
		$2.BeforeMethodDeclarationParentheses = False
		$2.BeforeMethodCallParentheses = False
		$2.BeforeConstructorDeclarationParentheses = False
		$2.BeforeDelegateDeclarationParentheses = False
		$2.NewParentheses = False
		$2.WhileParentheses = False
		$2.ForParentheses = False
		$2.ForeachParentheses = False
		$2.CatchParentheses = False
		$2.SwitchParentheses = False
		$2.LockParentheses = False
		$2.UsingParentheses = False
		$2.SpacesBeforeBrackets = False
		$2.inheritsSet = Mono
		$2.inheritsScope = text/x-csharp
		$2.scope = text/x-csharp
		$0.TextStylePolicy = $3
		$3.FileWidth = 120
		$3.TabsToSpaces = False
		$3.EolMarker = Unix
		$3.inheritsSet = VisualStudio
		$3.inheritsScope = text/plain
		$3.scope = text/plain
		$0.DotNetNamingPolicy = $4
		$4.DirectoryNamespaceAssociation = None
		$4.ResourceNamePolicy = FileFormatDefault
	EndGlobalSection

EndGlobal
